
Microsoft Visual Studio Solution File, Format Version 12.00
# Visual Studio 2013
VisualStudioVersion = 12.0.31101.0
MinimumVisualStudioVersion = 10.0.40219.1
Project("{FAE04EC0-301F-11D3-BF4B-00C04F79EFBC}") = "DataAnonTool", "DataAnonTool\DataAnonTool.csproj", "{C409BCB4-456D-4777-82D5-F9ABD4C1530C}"
EndProject
Project("{FAE04EC0-301F-11D3-BF4B-00C04F79EFBC}") = "AnonTool.UI", "AnonTool.UI\AnonTool.UI.csproj", "{E2A12EB9-9940-4D86-940C-0A24A4ACC71A}"
EndProject
Project("{FAE04EC0-301F-11D3-BF4B-00C04F79EFBC}") = "AnonTool.Infrastructure", "AnonTool.Infrastructure\AnonTool.Infrastructure.csproj", "{BF8D9BC9-A40E-4A02-A868-9772A64D0088}"
EndProject
Project("{FAE04EC0-301F-11D3-BF4B-00C04F79EFBC}") = "AnonTool.MVVM", "AnonTool.MVVM\AnonTool.MVVM.csproj", "{C503261F-1A54-41E9-8CBB-73445DD81B58}"
EndProject
Project("{FAE04EC0-301F-11D3-BF4B-00C04F79EFBC}") = "AnonTool.Core", "AnonTool.Core\AnonTool.Core.csproj", "{3866F7B4-E26D-4F33-96A8-D16E9FC545AC}"
EndProject
Project("{2150E333-8FDC-42A3-9474-1A3956D46DE8}") = ".nuget", ".nuget", "{C12EFDE6-F28F-403A-A865-C2345ECBB478}"
	ProjectSection(SolutionItems) = preProject
		.nuget\NuGet.Config = .nuget\NuGet.Config
		.nuget\NuGet.exe = .nuget\NuGet.exe
		.nuget\NuGet.targets = .nuget\NuGet.targets
	EndProjectSection
EndProject
Project("{FAE04EC0-301F-11D3-BF4B-00C04F79EFBC}") = "KAnonymisation.Core", "KAnonymisation.Core\KAnonymisation.Core.csproj", "{157E0766-309E-442D-9102-85914C9FA147}"
EndProject
Project("{FAE04EC0-301F-11D3-BF4B-00C04F79EFBC}") = "KAnonymisation.SetBased", "KAnonymisation.SetBased\KAnonymisation.SetBased.csproj", "{C1028692-4D7B-4BF5-B227-7B3822073D5A}"
EndProject
Project("{FAE04EC0-301F-11D3-BF4B-00C04F79EFBC}") = "KAnonymisation.Hierarchy", "KAnonymisation.Hierarchy\KAnonymisation.Hierarchy.csproj", "{3DBA4DE2-5374-4F67-8C96-0A19B4F339E6}"
EndProject
Global
	GlobalSection(SolutionConfigurationPlatforms) = preSolution
		Debug|Any CPU = Debug|Any CPU
		Debug|Mixed Platforms = Debug|Mixed Platforms
		Debug|x64 = Debug|x64
		Debug|x86 = Debug|x86
		Release|Any CPU = Release|Any CPU
		Release|Mixed Platforms = Release|Mixed Platforms
		Release|x64 = Release|x64
		Release|x86 = Release|x86
	EndGlobalSection
	GlobalSection(ProjectConfigurationPlatforms) = postSolution
		{C409BCB4-456D-4777-82D5-F9ABD4C1530C}.Debug|Any CPU.ActiveCfg = Debug|Any CPU
		{C409BCB4-456D-4777-82D5-F9ABD4C1530C}.Debug|Any CPU.Build.0 = Debug|Any CPU
		{C409BCB4-456D-4777-82D5-F9ABD4C1530C}.Debug|Mixed Platforms.ActiveCfg = Debug|x86
		{C409BCB4-456D-4777-82D5-F9ABD4C1530C}.Debug|Mixed Platforms.Build.0 = Debug|x86
		{C409BCB4-456D-4777-82D5-F9ABD4C1530C}.Debug|x64.ActiveCfg = Debug|Any CPU
		{C409BCB4-456D-4777-82D5-F9ABD4C1530C}.Debug|x86.ActiveCfg = Debug|x86
		{C409BCB4-456D-4777-82D5-F9ABD4C1530C}.Debug|x86.Build.0 = Debug|x86
		{C409BCB4-456D-4777-82D5-F9ABD4C1530C}.Release|Any CPU.ActiveCfg = Release|Any CPU
		{C409BCB4-456D-4777-82D5-F9ABD4C1530C}.Release|Any CPU.Build.0 = Release|Any CPU
		{C409BCB4-456D-4777-82D5-F9ABD4C1530C}.Release|Mixed Platforms.ActiveCfg = Release|x86
		{C409BCB4-456D-4777-82D5-F9ABD4C1530C}.Release|Mixed Platforms.Build.0 = Release|x86
		{C409BCB4-456D-4777-82D5-F9ABD4C1530C}.Release|x64.ActiveCfg = Release|Any CPU
		{C409BCB4-456D-4777-82D5-F9ABD4C1530C}.Release|x86.ActiveCfg = Release|x86
		{C409BCB4-456D-4777-82D5-F9ABD4C1530C}.Release|x86.Build.0 = Release|x86
		{E2A12EB9-9940-4D86-940C-0A24A4ACC71A}.Debug|Any CPU.ActiveCfg = Debug|Any CPU
		{E2A12EB9-9940-4D86-940C-0A24A4ACC71A}.Debug|Any CPU.Build.0 = Debug|Any CPU
		{E2A12EB9-9940-4D86-940C-0A24A4ACC71A}.Debug|Mixed Platforms.ActiveCfg = Debug|x86
		{E2A12EB9-9940-4D86-940C-0A24A4ACC71A}.Debug|Mixed Platforms.Build.0 = Debug|x86
		{E2A12EB9-9940-4D86-940C-0A24A4ACC71A}.Debug|x64.ActiveCfg = Debug|Any CPU
		{E2A12EB9-9940-4D86-940C-0A24A4ACC71A}.Debug|x86.ActiveCfg = Debug|x86
		{E2A12EB9-9940-4D86-940C-0A24A4ACC71A}.Debug|x86.Build.0 = Debug|x86
		{E2A12EB9-9940-4D86-940C-0A24A4ACC71A}.Release|Any CPU.ActiveCfg = Release|Any CPU
		{E2A12EB9-9940-4D86-940C-0A24A4ACC71A}.Release|Any CPU.Build.0 = Release|Any CPU
		{E2A12EB9-9940-4D86-940C-0A24A4ACC71A}.Release|Mixed Platforms.ActiveCfg = Release|Any CPU
		{E2A12EB9-9940-4D86-940C-0A24A4ACC71A}.Release|Mixed Platforms.Build.0 = Release|Any CPU
		{E2A12EB9-9940-4D86-940C-0A24A4ACC71A}.Release|x64.ActiveCfg = Release|Any CPU
		{E2A12EB9-9940-4D86-940C-0A24A4ACC71A}.Release|x86.ActiveCfg = Release|Any CPU
		{BF8D9BC9-A40E-4A02-A868-9772A64D0088}.Debug|Any CPU.ActiveCfg = Debug|Any CPU
		{BF8D9BC9-A40E-4A02-A868-9772A64D0088}.Debug|Any CPU.Build.0 = Debug|Any CPU
		{BF8D9BC9-A40E-4A02-A868-9772A64D0088}.Debug|Mixed Platforms.ActiveCfg = Debug|Any CPU
		{BF8D9BC9-A40E-4A02-A868-9772A64D0088}.Debug|Mixed Platforms.Build.0 = Debug|Any CPU
		{BF8D9BC9-A40E-4A02-A868-9772A64D0088}.Debug|x64.ActiveCfg = Debug|Any CPU
		{BF8D9BC9-A40E-4A02-A868-9772A64D0088}.Debug|x86.ActiveCfg = Debug|x86
		{BF8D9BC9-A40E-4A02-A868-9772A64D0088}.Debug|x86.Build.0 = Debug|x86
		{BF8D9BC9-A40E-4A02-A868-9772A64D0088}.Release|Any CPU.ActiveCfg = Release|Any CPU
		{BF8D9BC9-A40E-4A02-A868-9772A64D0088}.Release|Any CPU.Build.0 = Release|Any CPU
		{BF8D9BC9-A40E-4A02-A868-9772A64D0088}.Release|Mixed Platforms.ActiveCfg = Release|Any CPU
		{BF8D9BC9-A40E-4A02-A868-9772A64D0088}.Release|Mixed Platforms.Build.0 = Release|Any CPU
		{BF8D9BC9-A40E-4A02-A868-9772A64D0088}.Release|x64.ActiveCfg = Release|Any CPU
		{BF8D9BC9-A40E-4A02-A868-9772A64D0088}.Release|x86.ActiveCfg = Release|Any CPU
		{C503261F-1A54-41E9-8CBB-73445DD81B58}.Debug|Any CPU.ActiveCfg = Debug|Any CPU
		{C503261F-1A54-41E9-8CBB-73445DD81B58}.Debug|Any CPU.Build.0 = Debug|Any CPU
		{C503261F-1A54-41E9-8CBB-73445DD81B58}.Debug|Mixed Platforms.ActiveCfg = Debug|Any CPU
		{C503261F-1A54-41E9-8CBB-73445DD81B58}.Debug|Mixed Platforms.Build.0 = Debug|Any CPU
		{C503261F-1A54-41E9-8CBB-73445DD81B58}.Debug|x64.ActiveCfg = Debug|Any CPU
		{C503261F-1A54-41E9-8CBB-73445DD81B58}.Debug|x86.ActiveCfg = Debug|x86
		{C503261F-1A54-41E9-8CBB-73445DD81B58}.Debug|x86.Build.0 = Debug|x86
		{C503261F-1A54-41E9-8CBB-73445DD81B58}.Release|Any CPU.ActiveCfg = Release|Any CPU
		{C503261F-1A54-41E9-8CBB-73445DD81B58}.Release|Any CPU.Build.0 = Release|Any CPU
		{C503261F-1A54-41E9-8CBB-73445DD81B58}.Release|Mixed Platforms.ActiveCfg = Release|Any CPU
		{C503261F-1A54-41E9-8CBB-73445DD81B58}.Release|Mixed Platforms.Build.0 = Release|Any CPU
		{C503261F-1A54-41E9-8CBB-73445DD81B58}.Release|x64.ActiveCfg = Release|Any CPU
		{C503261F-1A54-41E9-8CBB-73445DD81B58}.Release|x86.ActiveCfg = Release|Any CPU
		{3866F7B4-E26D-4F33-96A8-D16E9FC545AC}.Debug|Any CPU.ActiveCfg = Debug|Any CPU
		{3866F7B4-E26D-4F33-96A8-D16E9FC545AC}.Debug|Any CPU.Build.0 = Debug|Any CPU
		{3866F7B4-E26D-4F33-96A8-D16E9FC545AC}.Debug|Mixed Platforms.ActiveCfg = Debug|Any CPU
		{3866F7B4-E26D-4F33-96A8-D16E9FC545AC}.Debug|Mixed Platforms.Build.0 = Debug|Any CPU
		{3866F7B4-E26D-4F33-96A8-D16E9FC545AC}.Debug|x64.ActiveCfg = Debug|Any CPU
		{3866F7B4-E26D-4F33-96A8-D16E9FC545AC}.Debug|x86.ActiveCfg = Debug|x86
		{3866F7B4-E26D-4F33-96A8-D16E9FC545AC}.Debug|x86.Build.0 = Debug|x86
		{3866F7B4-E26D-4F33-96A8-D16E9FC545AC}.Release|Any CPU.ActiveCfg = Release|Any CPU
		{3866F7B4-E26D-4F33-96A8-D16E9FC545AC}.Release|Any CPU.Build.0 = Release|Any CPU
		{3866F7B4-E26D-4F33-96A8-D16E9FC545AC}.Release|Mixed Platforms.ActiveCfg = Release|Any CPU
		{3866F7B4-E26D-4F33-96A8-D16E9FC545AC}.Release|Mixed Platforms.Build.0 = Release|Any CPU
		{3866F7B4-E26D-4F33-96A8-D16E9FC545AC}.Release|x64.ActiveCfg = Release|Any CPU
		{3866F7B4-E26D-4F33-96A8-D16E9FC545AC}.Release|x86.ActiveCfg = Release|Any CPU
		{157E0766-309E-442D-9102-85914C9FA147}.Debug|Any CPU.ActiveCfg = Debug|Any CPU
		{157E0766-309E-442D-9102-85914C9FA147}.Debug|Any CPU.Build.0 = Debug|Any CPU
		{157E0766-309E-442D-9102-85914C9FA147}.Debug|Mixed Platforms.ActiveCfg = Debug|Any CPU
		{157E0766-309E-442D-9102-85914C9FA147}.Debug|Mixed Platforms.Build.0 = Debug|Any CPU
		{157E0766-309E-442D-9102-85914C9FA147}.Debug|x64.ActiveCfg = Debug|Any CPU
		{157E0766-309E-442D-9102-85914C9FA147}.Debug|x86.ActiveCfg = Debug|x86
		{157E0766-309E-442D-9102-85914C9FA147}.Debug|x86.Build.0 = Debug|x86
		{157E0766-309E-442D-9102-85914C9FA147}.Release|Any CPU.ActiveCfg = Release|Any CPU
		{157E0766-309E-442D-9102-85914C9FA147}.Release|Any CPU.Build.0 = Release|Any CPU
		{157E0766-309E-442D-9102-85914C9FA147}.Release|Mixed Platforms.ActiveCfg = Release|Any CPU
		{157E0766-309E-442D-9102-85914C9FA147}.Release|Mixed Platforms.Build.0 = Release|Any CPU
		{157E0766-309E-442D-9102-85914C9FA147}.Release|x64.ActiveCfg = Release|Any CPU
		{157E0766-309E-442D-9102-85914C9FA147}.Release|x86.ActiveCfg = Release|Any CPU
		{C1028692-4D7B-4BF5-B227-7B3822073D5A}.Debug|Any CPU.ActiveCfg = Debug|Any CPU
		{C1028692-4D7B-4BF5-B227-7B3822073D5A}.Debug|Any CPU.Build.0 = Debug|Any CPU
		{C1028692-4D7B-4BF5-B227-7B3822073D5A}.Debug|Mixed Platforms.ActiveCfg = Debug|Any CPU
		{C1028692-4D7B-4BF5-B227-7B3822073D5A}.Debug|Mixed Platforms.Build.0 = Debug|Any CPU
		{C1028692-4D7B-4BF5-B227-7B3822073D5A}.Debug|x64.ActiveCfg = Debug|Any CPU
		{C1028692-4D7B-4BF5-B227-7B3822073D5A}.Debug|x86.ActiveCfg = Debug|x86
		{C1028692-4D7B-4BF5-B227-7B3822073D5A}.Debug|x86.Build.0 = Debug|x86
		{C1028692-4D7B-4BF5-B227-7B3822073D5A}.Release|Any CPU.ActiveCfg = Release|Any CPU
		{C1028692-4D7B-4BF5-B227-7B3822073D5A}.Release|Any CPU.Build.0 = Release|Any CPU
		{C1028692-4D7B-4BF5-B227-7B3822073D5A}.Release|Mixed Platforms.ActiveCfg = Release|Any CPU
		{C1028692-4D7B-4BF5-B227-7B3822073D5A}.Release|Mixed Platforms.Build.0 = Release|Any CPU
		{C1028692-4D7B-4BF5-B227-7B3822073D5A}.Release|x64.ActiveCfg = Release|Any CPU
		{C1028692-4D7B-4BF5-B227-7B3822073D5A}.Release|x86.ActiveCfg = Release|Any CPU
		{3DBA4DE2-5374-4F67-8C96-0A19B4F339E6}.Debug|Any CPU.ActiveCfg = Debug|Any CPU
		{3DBA4DE2-5374-4F67-8C96-0A19B4F339E6}.Debug|Any CPU.Build.0 = Debug|Any CPU
		{3DBA4DE2-5374-4F67-8C96-0A19B4F339E6}.Debug|Mixed Platforms.ActiveCfg = Debug|Any CPU
		{3DBA4DE2-5374-4F67-8C96-0A19B4F339E6}.Debug|Mixed Platforms.Build.0 = Debug|Any CPU
		{3DBA4DE2-5374-4F67-8C96-0A19B4F339E6}.Debug|x64.ActiveCfg = Debug|Any CPU
		{3DBA4DE2-5374-4F67-8C96-0A19B4F339E6}.Debug|x86.ActiveCfg = Debug|Any CPU
		{3DBA4DE2-5374-4F67-8C96-0A19B4F339E6}.Release|Any CPU.ActiveCfg = Release|Any CPU
		{3DBA4DE2-5374-4F67-8C96-0A19B4F339E6}.Release|Any CPU.Build.0 = Release|Any CPU
		{3DBA4DE2-5374-4F67-8C96-0A19B4F339E6}.Release|Mixed Platforms.ActiveCfg = Release|Any CPU
		{3DBA4DE2-5374-4F67-8C96-0A19B4F339E6}.Release|Mixed Platforms.Build.0 = Release|Any CPU
		{3DBA4DE2-5374-4F67-8C96-0A19B4F339E6}.Release|x64.ActiveCfg = Release|Any CPU
		{3DBA4DE2-5374-4F67-8C96-0A19B4F339E6}.Release|x86.ActiveCfg = Release|Any CPU
	EndGlobalSection
	GlobalSection(SolutionProperties) = preSolution
		HideSolutionNode = FALSE
	EndGlobalSection
EndGlobal
